// !$*UTF8*$!
{
	archiveVersion = 1;
	classes = {
	};
	objectVersion = 56;
	objects = {

/* Begin PBXBuildFile section */
		1D5EC99129B199D10073F89E /* FirebaseAuth in Frameworks */ = {isa = PBXBuildFile; productRef = 1D5EC99029B199D10073F89E /* FirebaseAuth */; };
		1D8461FE29B1AE65009773D2 /* GoogleService-Info.plist in Resources */ = {isa = PBXBuildFile; fileRef = 1D8461FD29B1AE65009773D2 /* GoogleService-Info.plist */; };
		E99810E229ADBC9400F52718 /* AppDelegate.swift in Sources */ = {isa = PBXBuildFile; fileRef = E99810E129ADBC9400F52718 /* AppDelegate.swift */; };
		E99810E429ADBC9400F52718 /* SceneDelegate.swift in Sources */ = {isa = PBXBuildFile; fileRef = E99810E329ADBC9400F52718 /* SceneDelegate.swift */; };
		E99810E629ADBC9400F52718 /* ViewController.swift in Sources */ = {isa = PBXBuildFile; fileRef = E99810E529ADBC9400F52718 /* ViewController.swift */; };
		E99810E929ADBC9400F52718 /* Main.storyboard in Resources */ = {isa = PBXBuildFile; fileRef = E99810E729ADBC9400F52718 /* Main.storyboard */; };
		E99810EB29ADBC9700F52718 /* Assets.xcassets in Resources */ = {isa = PBXBuildFile; fileRef = E99810EA29ADBC9700F52718 /* Assets.xcassets */; };
		E99810EE29ADBC9700F52718 /* LaunchScreen.storyboard in Resources */ = {isa = PBXBuildFile; fileRef = E99810EC29ADBC9700F52718 /* LaunchScreen.storyboard */; };
		E99810F929ADC0C800F52718 /* Endpoints.swift in Sources */ = {isa = PBXBuildFile; fileRef = E99810F829ADC0C800F52718 /* Endpoints.swift */; };
		E99810FB29ADC12C00F52718 /* ApiUseCase.swift in Sources */ = {isa = PBXBuildFile; fileRef = E99810FA29ADC12C00F52718 /* ApiUseCase.swift */; };
		E99810FE29ADC1BD00F52718 /* Constants.swift in Sources */ = {isa = PBXBuildFile; fileRef = E99810FD29ADC1BD00F52718 /* Constants.swift */; };
		E998110029ADC1E100F52718 /* ExtensionUIImageView.swift in Sources */ = {isa = PBXBuildFile; fileRef = E99810FF29ADC1E100F52718 /* ExtensionUIImageView.swift */; };
		E998110329ADC61E00F52718 /* ErrorResponseEntity.swift in Sources */ = {isa = PBXBuildFile; fileRef = E998110229ADC61E00F52718 /* ErrorResponseEntity.swift */; };
		E998111129ADCA1600F52718 /* MovieEntity.swift in Sources */ = {isa = PBXBuildFile; fileRef = E998111029ADCA1600F52718 /* MovieEntity.swift */; };
		E998111329ADD21100F52718 /* ViewLogin.swift in Sources */ = {isa = PBXBuildFile; fileRef = E998111229ADD21100F52718 /* ViewLogin.swift */; };
		E998111629ADD9F000F52718 /* DetailMovieEntity.swift in Sources */ = {isa = PBXBuildFile; fileRef = E998111529ADD9F000F52718 /* DetailMovieEntity.swift */; };
		E998111829ADDB0700F52718 /* LoginViewController.swift in Sources */ = {isa = PBXBuildFile; fileRef = E998111729ADDB0700F52718 /* LoginViewController.swift */; };
		E9C8BCAA29B061B3007F5301 /* Colors.swift in Sources */ = {isa = PBXBuildFile; fileRef = E9C8BCA929B061B3007F5301 /* Colors.swift */; };
		E9C8BCAD29B06661007F5301 /* LocalizedKey.swift in Sources */ = {isa = PBXBuildFile; fileRef = E9C8BCAC29B06661007F5301 /* LocalizedKey.swift */; };
		E9C8BCB029B07569007F5301 /* DashboardProtocols.swift in Sources */ = {isa = PBXBuildFile; fileRef = E9C8BCAF29B07569007F5301 /* DashboardProtocols.swift */; };
		E9C8BCB229B0763B007F5301 /* DashboardRouter.swift in Sources */ = {isa = PBXBuildFile; fileRef = E9C8BCB129B0763B007F5301 /* DashboardRouter.swift */; };
		E9C8BCB429B07873007F5301 /* DashboardPresenter.swift in Sources */ = {isa = PBXBuildFile; fileRef = E9C8BCB329B07873007F5301 /* DashboardPresenter.swift */; };
		E9C8BCB629B07918007F5301 /* DashboardInteractor.swift in Sources */ = {isa = PBXBuildFile; fileRef = E9C8BCB529B07918007F5301 /* DashboardInteractor.swift */; };
		E9C8BCB829B07C22007F5301 /* DashboardStoryboard.storyboard in Resources */ = {isa = PBXBuildFile; fileRef = E9C8BCB729B07C22007F5301 /* DashboardStoryboard.storyboard */; };
		E9C8BCBB29B0820E007F5301 /* DesignableSegmentControl.swift in Sources */ = {isa = PBXBuildFile; fileRef = E9C8BCBA29B0820E007F5301 /* DesignableSegmentControl.swift */; };
		E9C8BCBF29B082F6007F5301 /* CustomButtonStyle.swift in Sources */ = {isa = PBXBuildFile; fileRef = E9C8BCBE29B082F6007F5301 /* CustomButtonStyle.swift */; };
		E9C8BCC129B0831C007F5301 /* CustomButton.swift in Sources */ = {isa = PBXBuildFile; fileRef = E9C8BCC029B0831C007F5301 /* CustomButton.swift */; };
		E9C8BCC429B08548007F5301 /* DashboardView.swift in Sources */ = {isa = PBXBuildFile; fileRef = E9C8BCC329B08548007F5301 /* DashboardView.swift */; };
		E9C8BCC929B08D4C007F5301 /* DashboardMovies.xib in Resources */ = {isa = PBXBuildFile; fileRef = E9C8BCC829B08D4C007F5301 /* DashboardMovies.xib */; };
		E9C8BCCB29B08F0B007F5301 /* DashboardMoviesCollectionViewCell.swift in Sources */ = {isa = PBXBuildFile; fileRef = E9C8BCCA29B08F0B007F5301 /* DashboardMoviesCollectionViewCell.swift */; };
		E9C8BCD329B10723007F5301 /* Protocols.swift in Sources */ = {isa = PBXBuildFile; fileRef = E9C8BCD229B10723007F5301 /* Protocols.swift */; };
		E9C8BCD529B107FB007F5301 /* DetailMovie.storyboard in Resources */ = {isa = PBXBuildFile; fileRef = E9C8BCD429B107FB007F5301 /* DetailMovie.storyboard */; };
		E9C8BCD829B10906007F5301 /* DetailMovieView.swift in Sources */ = {isa = PBXBuildFile; fileRef = E9C8BCD729B10906007F5301 /* DetailMovieView.swift */; };
		E9C8BCDB29B10A90007F5301 /* CustomAlertStyle.swift in Sources */ = {isa = PBXBuildFile; fileRef = E9C8BCDA29B10A90007F5301 /* CustomAlertStyle.swift */; };
		E9C8BCDD29B10ACF007F5301 /* CustomProtocol.swift in Sources */ = {isa = PBXBuildFile; fileRef = E9C8BCDC29B10ACF007F5301 /* CustomProtocol.swift */; };
		E9C8BCDF29B10B02007F5301 /* CustomAlertViewController.swift in Sources */ = {isa = PBXBuildFile; fileRef = E9C8BCDE29B10B02007F5301 /* CustomAlertViewController.swift */; };
		E9C8BCE129B10B99007F5301 /* CustomAlertViewController.xib in Resources */ = {isa = PBXBuildFile; fileRef = E9C8BCE029B10B99007F5301 /* CustomAlertViewController.xib */; };
		E9C8BCE429B10C92007F5301 /* SuggestionsMovieCell.swift in Sources */ = {isa = PBXBuildFile; fileRef = E9C8BCE329B10C92007F5301 /* SuggestionsMovieCell.swift */; };
		E9C8BCE629B10CEA007F5301 /* suggestionsMovieCell.xib in Resources */ = {isa = PBXBuildFile; fileRef = E9C8BCE529B10CEA007F5301 /* suggestionsMovieCell.xib */; };
		E9C8BCE829B11037007F5301 /* DetailMoviePresenter.swift in Sources */ = {isa = PBXBuildFile; fileRef = E9C8BCE729B11037007F5301 /* DetailMoviePresenter.swift */; };
		E9C8BCEA29B11100007F5301 /* DetailMovieInteractor.swift in Sources */ = {isa = PBXBuildFile; fileRef = E9C8BCE929B11100007F5301 /* DetailMovieInteractor.swift */; };
		E9C8BCEC29B115BE007F5301 /* DetailMovieRouter.swift in Sources */ = {isa = PBXBuildFile; fileRef = E9C8BCEB29B115BE007F5301 /* DetailMovieRouter.swift */; };
		E9C8BCF529B12A6D007F5301 /* Profile.storyboard in Resources */ = {isa = PBXBuildFile; fileRef = E9C8BCF429B12A6D007F5301 /* Profile.storyboard */; };
		E9C8BCF829B12F38007F5301 /* ProfileViewController.swift in Sources */ = {isa = PBXBuildFile; fileRef = E9C8BCF729B12F38007F5301 /* ProfileViewController.swift */; };
		E9C8BCFB29B13293007F5301 /* favorites.xcdatamodeld in Sources */ = {isa = PBXBuildFile; fileRef = E9C8BCF929B13293007F5301 /* favorites.xcdatamodeld */; };
		E9C8BD2029B14077007F5301 /* ProfileProtocols.swift in Sources */ = {isa = PBXBuildFile; fileRef = E9C8BD1F29B14077007F5301 /* ProfileProtocols.swift */; };
		E9C8BD2229B14159007F5301 /* ProfileRouter.swift in Sources */ = {isa = PBXBuildFile; fileRef = E9C8BD2129B14159007F5301 /* ProfileRouter.swift */; };
		E9C8BD2429B14262007F5301 /* ProfilePresenter.swift in Sources */ = {isa = PBXBuildFile; fileRef = E9C8BD2329B14262007F5301 /* ProfilePresenter.swift */; };
		E9C8BD2629B142CA007F5301 /* ProfileInteractor.swift in Sources */ = {isa = PBXBuildFile; fileRef = E9C8BD2529B142CA007F5301 /* ProfileInteractor.swift */; };
		E9C8BD2929B16A9D007F5301 /* LoginProtocol.swift in Sources */ = {isa = PBXBuildFile; fileRef = E9C8BD2829B16A9D007F5301 /* LoginProtocol.swift */; };
		E9C8BD2B29B16B27007F5301 /* LoginRouter.swift in Sources */ = {isa = PBXBuildFile; fileRef = E9C8BD2A29B16B27007F5301 /* LoginRouter.swift */; };
		E9C8BD2D29B16DA0007F5301 /* LoginPresenter.swift in Sources */ = {isa = PBXBuildFile; fileRef = E9C8BD2C29B16DA0007F5301 /* LoginPresenter.swift */; };
		E9C8BD2F29B16F43007F5301 /* LoginInteractor.swift in Sources */ = {isa = PBXBuildFile; fileRef = E9C8BD2E29B16F43007F5301 /* LoginInteractor.swift */; };
/* End PBXBuildFile section */

/* Begin PBXFileReference section */
		1D8461FD29B1AE65009773D2 /* GoogleService-Info.plist */ = {isa = PBXFileReference; fileEncoding = 4; lastKnownFileType = text.plist.xml; path = "GoogleService-Info.plist"; sourceTree = "<group>"; };
		E99810DE29ADBC9400F52718 /* demoApp.app */ = {isa = PBXFileReference; explicitFileType = wrapper.application; includeInIndex = 0; path = demoApp.app; sourceTree = BUILT_PRODUCTS_DIR; };
		E99810E129ADBC9400F52718 /* AppDelegate.swift */ = {isa = PBXFileReference; lastKnownFileType = sourcecode.swift; path = AppDelegate.swift; sourceTree = "<group>"; };
		E99810E329ADBC9400F52718 /* SceneDelegate.swift */ = {isa = PBXFileReference; lastKnownFileType = sourcecode.swift; path = SceneDelegate.swift; sourceTree = "<group>"; };
		E99810E529ADBC9400F52718 /* ViewController.swift */ = {isa = PBXFileReference; lastKnownFileType = sourcecode.swift; path = ViewController.swift; sourceTree = "<group>"; };
		E99810E829ADBC9400F52718 /* Base */ = {isa = PBXFileReference; lastKnownFileType = file.storyboard; name = Base; path = Base.lproj/Main.storyboard; sourceTree = "<group>"; };
		E99810EA29ADBC9700F52718 /* Assets.xcassets */ = {isa = PBXFileReference; lastKnownFileType = folder.assetcatalog; path = Assets.xcassets; sourceTree = "<group>"; };
		E99810ED29ADBC9700F52718 /* Base */ = {isa = PBXFileReference; lastKnownFileType = file.storyboard; name = Base; path = Base.lproj/LaunchScreen.storyboard; sourceTree = "<group>"; };
		E99810EF29ADBC9700F52718 /* Info.plist */ = {isa = PBXFileReference; lastKnownFileType = text.plist.xml; path = Info.plist; sourceTree = "<group>"; };
		E99810F829ADC0C800F52718 /* Endpoints.swift */ = {isa = PBXFileReference; lastKnownFileType = sourcecode.swift; path = Endpoints.swift; sourceTree = "<group>"; };
		E99810FA29ADC12C00F52718 /* ApiUseCase.swift */ = {isa = PBXFileReference; lastKnownFileType = sourcecode.swift; path = ApiUseCase.swift; sourceTree = "<group>"; };
		E99810FD29ADC1BD00F52718 /* Constants.swift */ = {isa = PBXFileReference; lastKnownFileType = sourcecode.swift; path = Constants.swift; sourceTree = "<group>"; };
		E99810FF29ADC1E100F52718 /* ExtensionUIImageView.swift */ = {isa = PBXFileReference; lastKnownFileType = sourcecode.swift; path = ExtensionUIImageView.swift; sourceTree = "<group>"; };
		E998110229ADC61E00F52718 /* ErrorResponseEntity.swift */ = {isa = PBXFileReference; lastKnownFileType = sourcecode.swift; path = ErrorResponseEntity.swift; sourceTree = "<group>"; };
		E998111029ADCA1600F52718 /* MovieEntity.swift */ = {isa = PBXFileReference; lastKnownFileType = sourcecode.swift; path = MovieEntity.swift; sourceTree = "<group>"; };
		E998111229ADD21100F52718 /* ViewLogin.swift */ = {isa = PBXFileReference; lastKnownFileType = sourcecode.swift; path = ViewLogin.swift; sourceTree = "<group>"; };
		E998111529ADD9F000F52718 /* DetailMovieEntity.swift */ = {isa = PBXFileReference; lastKnownFileType = sourcecode.swift; path = DetailMovieEntity.swift; sourceTree = "<group>"; };
		E998111729ADDB0700F52718 /* LoginViewController.swift */ = {isa = PBXFileReference; lastKnownFileType = sourcecode.swift; path = LoginViewController.swift; sourceTree = "<group>"; };
		E9C8BCA929B061B3007F5301 /* Colors.swift */ = {isa = PBXFileReference; lastKnownFileType = sourcecode.swift; path = Colors.swift; sourceTree = "<group>"; };
		E9C8BCAC29B06661007F5301 /* LocalizedKey.swift */ = {isa = PBXFileReference; lastKnownFileType = sourcecode.swift; path = LocalizedKey.swift; sourceTree = "<group>"; };
		E9C8BCAF29B07569007F5301 /* DashboardProtocols.swift */ = {isa = PBXFileReference; lastKnownFileType = sourcecode.swift; path = DashboardProtocols.swift; sourceTree = "<group>"; };
		E9C8BCB129B0763B007F5301 /* DashboardRouter.swift */ = {isa = PBXFileReference; lastKnownFileType = sourcecode.swift; path = DashboardRouter.swift; sourceTree = "<group>"; };
		E9C8BCB329B07873007F5301 /* DashboardPresenter.swift */ = {isa = PBXFileReference; lastKnownFileType = sourcecode.swift; path = DashboardPresenter.swift; sourceTree = "<group>"; };
		E9C8BCB529B07918007F5301 /* DashboardInteractor.swift */ = {isa = PBXFileReference; lastKnownFileType = sourcecode.swift; path = DashboardInteractor.swift; sourceTree = "<group>"; };
		E9C8BCB729B07C22007F5301 /* DashboardStoryboard.storyboard */ = {isa = PBXFileReference; lastKnownFileType = file.storyboard; path = DashboardStoryboard.storyboard; sourceTree = "<group>"; };
		E9C8BCBA29B0820E007F5301 /* DesignableSegmentControl.swift */ = {isa = PBXFileReference; lastKnownFileType = sourcecode.swift; path = DesignableSegmentControl.swift; sourceTree = "<group>"; };
		E9C8BCBE29B082F6007F5301 /* CustomButtonStyle.swift */ = {isa = PBXFileReference; lastKnownFileType = sourcecode.swift; path = CustomButtonStyle.swift; sourceTree = "<group>"; };
		E9C8BCC029B0831C007F5301 /* CustomButton.swift */ = {isa = PBXFileReference; lastKnownFileType = sourcecode.swift; path = CustomButton.swift; sourceTree = "<group>"; };
		E9C8BCC329B08548007F5301 /* DashboardView.swift */ = {isa = PBXFileReference; lastKnownFileType = sourcecode.swift; path = DashboardView.swift; sourceTree = "<group>"; };
		E9C8BCC829B08D4C007F5301 /* DashboardMovies.xib */ = {isa = PBXFileReference; lastKnownFileType = file.xib; path = DashboardMovies.xib; sourceTree = "<group>"; };
		E9C8BCCA29B08F0B007F5301 /* DashboardMoviesCollectionViewCell.swift */ = {isa = PBXFileReference; lastKnownFileType = sourcecode.swift; path = DashboardMoviesCollectionViewCell.swift; sourceTree = "<group>"; };
		E9C8BCD229B10723007F5301 /* Protocols.swift */ = {isa = PBXFileReference; lastKnownFileType = sourcecode.swift; path = Protocols.swift; sourceTree = "<group>"; };
		E9C8BCD429B107FB007F5301 /* DetailMovie.storyboard */ = {isa = PBXFileReference; lastKnownFileType = file.storyboard; path = DetailMovie.storyboard; sourceTree = "<group>"; };
		E9C8BCD729B10906007F5301 /* DetailMovieView.swift */ = {isa = PBXFileReference; lastKnownFileType = sourcecode.swift; path = DetailMovieView.swift; sourceTree = "<group>"; };
		E9C8BCDA29B10A90007F5301 /* CustomAlertStyle.swift */ = {isa = PBXFileReference; lastKnownFileType = sourcecode.swift; path = CustomAlertStyle.swift; sourceTree = "<group>"; };
		E9C8BCDC29B10ACF007F5301 /* CustomProtocol.swift */ = {isa = PBXFileReference; lastKnownFileType = sourcecode.swift; path = CustomProtocol.swift; sourceTree = "<group>"; };
		E9C8BCDE29B10B02007F5301 /* CustomAlertViewController.swift */ = {isa = PBXFileReference; lastKnownFileType = sourcecode.swift; path = CustomAlertViewController.swift; sourceTree = "<group>"; };
		E9C8BCE029B10B99007F5301 /* CustomAlertViewController.xib */ = {isa = PBXFileReference; lastKnownFileType = file.xib; path = CustomAlertViewController.xib; sourceTree = "<group>"; };
		E9C8BCE329B10C92007F5301 /* SuggestionsMovieCell.swift */ = {isa = PBXFileReference; lastKnownFileType = sourcecode.swift; path = SuggestionsMovieCell.swift; sourceTree = "<group>"; };
		E9C8BCE529B10CEA007F5301 /* suggestionsMovieCell.xib */ = {isa = PBXFileReference; lastKnownFileType = file.xib; path = suggestionsMovieCell.xib; sourceTree = "<group>"; };
		E9C8BCE729B11037007F5301 /* DetailMoviePresenter.swift */ = {isa = PBXFileReference; lastKnownFileType = sourcecode.swift; path = DetailMoviePresenter.swift; sourceTree = "<group>"; };
		E9C8BCE929B11100007F5301 /* DetailMovieInteractor.swift */ = {isa = PBXFileReference; lastKnownFileType = sourcecode.swift; path = DetailMovieInteractor.swift; sourceTree = "<group>"; };
		E9C8BCEB29B115BE007F5301 /* DetailMovieRouter.swift */ = {isa = PBXFileReference; lastKnownFileType = sourcecode.swift; path = DetailMovieRouter.swift; sourceTree = "<group>"; };
		E9C8BCF429B12A6D007F5301 /* Profile.storyboard */ = {isa = PBXFileReference; lastKnownFileType = file.storyboard; path = Profile.storyboard; sourceTree = "<group>"; };
		E9C8BCF729B12F38007F5301 /* ProfileViewController.swift */ = {isa = PBXFileReference; lastKnownFileType = sourcecode.swift; path = ProfileViewController.swift; sourceTree = "<group>"; };
		E9C8BCFA29B13293007F5301 /* favorites.xcdatamodel */ = {isa = PBXFileReference; lastKnownFileType = wrapper.xcdatamodel; path = favorites.xcdatamodel; sourceTree = "<group>"; };
		E9C8BD1F29B14077007F5301 /* ProfileProtocols.swift */ = {isa = PBXFileReference; lastKnownFileType = sourcecode.swift; path = ProfileProtocols.swift; sourceTree = "<group>"; };
		E9C8BD2129B14159007F5301 /* ProfileRouter.swift */ = {isa = PBXFileReference; lastKnownFileType = sourcecode.swift; path = ProfileRouter.swift; sourceTree = "<group>"; };
		E9C8BD2329B14262007F5301 /* ProfilePresenter.swift */ = {isa = PBXFileReference; lastKnownFileType = sourcecode.swift; path = ProfilePresenter.swift; sourceTree = "<group>"; };
		E9C8BD2529B142CA007F5301 /* ProfileInteractor.swift */ = {isa = PBXFileReference; lastKnownFileType = sourcecode.swift; path = ProfileInteractor.swift; sourceTree = "<group>"; };
		E9C8BD2829B16A9D007F5301 /* LoginProtocol.swift */ = {isa = PBXFileReference; lastKnownFileType = sourcecode.swift; path = LoginProtocol.swift; sourceTree = "<group>"; };
		E9C8BD2A29B16B27007F5301 /* LoginRouter.swift */ = {isa = PBXFileReference; lastKnownFileType = sourcecode.swift; path = LoginRouter.swift; sourceTree = "<group>"; };
		E9C8BD2C29B16DA0007F5301 /* LoginPresenter.swift */ = {isa = PBXFileReference; lastKnownFileType = sourcecode.swift; path = LoginPresenter.swift; sourceTree = "<group>"; };
		E9C8BD2E29B16F43007F5301 /* LoginInteractor.swift */ = {isa = PBXFileReference; lastKnownFileType = sourcecode.swift; path = LoginInteractor.swift; sourceTree = "<group>"; };
/* End PBXFileReference section */

/* Begin PBXFrameworksBuildPhase section */
		E99810DB29ADBC9400F52718 /* Frameworks */ = {
			isa = PBXFrameworksBuildPhase;
			buildActionMask = 2147483647;
			files = (
				1D5EC99129B199D10073F89E /* FirebaseAuth in Frameworks */,
			);
			runOnlyForDeploymentPostprocessing = 0;
		};
/* End PBXFrameworksBuildPhase section */

/* Begin PBXGroup section */
		E99810D529ADBC9400F52718 = {
			isa = PBXGroup;
			children = (
				E9C8BCF929B13293007F5301 /* favorites.xcdatamodeld */,
				E99810E029ADBC9400F52718 /* demoApp */,
				E99810DF29ADBC9400F52718 /* Products */,
			);
			sourceTree = "<group>";
		};
		E99810DF29ADBC9400F52718 /* Products */ = {
			isa = PBXGroup;
			children = (
				E99810DE29ADBC9400F52718 /* demoApp.app */,
			);
			name = Products;
			sourceTree = "<group>";
		};
		E99810E029ADBC9400F52718 /* demoApp */ = {
			isa = PBXGroup;
			children = (
				E99810EF29ADBC9700F52718 /* Info.plist */,
				1D8461FD29B1AE65009773D2 /* GoogleService-Info.plist */,
				E9C8BCB929B081B4007F5301 /* VisualComponents */,
				E99810FC29ADC18800F52718 /* Helpers */,
				E99810F729ADBE2F00F52718 /* Networking */,
				E99810F629ADBD8300F52718 /* App */,
				E99810F529ADBCEB00F52718 /* Viper */,
			);
			path = demoApp;
			sourceTree = "<group>";
		};
		E99810F529ADBCEB00F52718 /* Viper */ = {
			isa = PBXGroup;
			children = (
				E9C8BCED29B12958007F5301 /* Profile */,
				E998111429ADD9D500F52718 /* DetailMovie */,
				E998110429ADC72D00F52718 /* Login */,
				E998110A29ADC95100F52718 /* Dashboard */,
				E998110129ADC5CD00F52718 /* Entity */,
			);
			path = Viper;
			sourceTree = "<group>";
		};
		E99810F629ADBD8300F52718 /* App */ = {
			isa = PBXGroup;
			children = (
				E99810E529ADBC9400F52718 /* ViewController.swift */,
				E99810E729ADBC9400F52718 /* Main.storyboard */,
				E99810E329ADBC9400F52718 /* SceneDelegate.swift */,
				E99810E129ADBC9400F52718 /* AppDelegate.swift */,
				E99810EC29ADBC9700F52718 /* LaunchScreen.storyboard */,
				E99810EA29ADBC9700F52718 /* Assets.xcassets */,
			);
			path = App;
			sourceTree = "<group>";
		};
		E99810F729ADBE2F00F52718 /* Networking */ = {
			isa = PBXGroup;
			children = (
				E99810F829ADC0C800F52718 /* Endpoints.swift */,
				E99810FA29ADC12C00F52718 /* ApiUseCase.swift */,
			);
			path = Networking;
			sourceTree = "<group>";
		};
		E99810FC29ADC18800F52718 /* Helpers */ = {
			isa = PBXGroup;
			children = (
				E99810FD29ADC1BD00F52718 /* Constants.swift */,
				E99810FF29ADC1E100F52718 /* ExtensionUIImageView.swift */,
				E9C8BCA929B061B3007F5301 /* Colors.swift */,
				E9C8BCAC29B06661007F5301 /* LocalizedKey.swift */,
			);
			path = Helpers;
			sourceTree = "<group>";
		};
		E998110129ADC5CD00F52718 /* Entity */ = {
			isa = PBXGroup;
			children = (
				E998110229ADC61E00F52718 /* ErrorResponseEntity.swift */,
			);
			path = Entity;
			sourceTree = "<group>";
		};
		E998110429ADC72D00F52718 /* Login */ = {
			isa = PBXGroup;
			children = (
				E9C8BD2729B16A74007F5301 /* Protocol */,
				E998110529ADC89E00F52718 /* View */,
				E998110629ADC8AD00F52718 /* Interactor */,
				E998110729ADC8DD00F52718 /* Presenter */,
				E998110829ADC8EE00F52718 /* Entity */,
				E998110929ADC90400F52718 /* Router */,
			);
			path = Login;
			sourceTree = "<group>";
		};
		E998110529ADC89E00F52718 /* View */ = {
			isa = PBXGroup;
			children = (
				E998111229ADD21100F52718 /* ViewLogin.swift */,
				E998111729ADDB0700F52718 /* LoginViewController.swift */,
			);
			path = View;
			sourceTree = "<group>";
		};
		E998110629ADC8AD00F52718 /* Interactor */ = {
			isa = PBXGroup;
			children = (
				E9C8BD2E29B16F43007F5301 /* LoginInteractor.swift */,
			);
			path = Interactor;
			sourceTree = "<group>";
		};
		E998110729ADC8DD00F52718 /* Presenter */ = {
			isa = PBXGroup;
			children = (
				E9C8BD2C29B16DA0007F5301 /* LoginPresenter.swift */,
			);
			path = Presenter;
			sourceTree = "<group>";
		};
		E998110829ADC8EE00F52718 /* Entity */ = {
			isa = PBXGroup;
			children = (
			);
			path = Entity;
			sourceTree = "<group>";
		};
		E998110929ADC90400F52718 /* Router */ = {
			isa = PBXGroup;
			children = (
				E9C8BD2A29B16B27007F5301 /* LoginRouter.swift */,
			);
			path = Router;
			sourceTree = "<group>";
		};
		E998110A29ADC95100F52718 /* Dashboard */ = {
			isa = PBXGroup;
			children = (
				E9C8BCAE29B07510007F5301 /* Protocol */,
				E998110B29ADC96700F52718 /* View */,
				E998110C29ADC97300F52718 /* Interactor */,
				E998110D29ADC98200F52718 /* Presenter */,
				E998110E29ADC98C00F52718 /* Entity */,
				E998110F29ADC9A000F52718 /* Router */,
			);
			path = Dashboard;
			sourceTree = "<group>";
		};
		E998110B29ADC96700F52718 /* View */ = {
			isa = PBXGroup;
			children = (
				E9C8BCC229B0849E007F5301 /* Storyboard */,
				E9C8BCC329B08548007F5301 /* DashboardView.swift */,
			);
			path = View;
			sourceTree = "<group>";
		};
		E998110C29ADC97300F52718 /* Interactor */ = {
			isa = PBXGroup;
			children = (
				E9C8BCB529B07918007F5301 /* DashboardInteractor.swift */,
			);
			path = Interactor;
			sourceTree = "<group>";
		};
		E998110D29ADC98200F52718 /* Presenter */ = {
			isa = PBXGroup;
			children = (
				E9C8BCB329B07873007F5301 /* DashboardPresenter.swift */,
			);
			path = Presenter;
			sourceTree = "<group>";
		};
		E998110E29ADC98C00F52718 /* Entity */ = {
			isa = PBXGroup;
			children = (
				E998111029ADCA1600F52718 /* MovieEntity.swift */,
			);
			path = Entity;
			sourceTree = "<group>";
		};
		E998110F29ADC9A000F52718 /* Router */ = {
			isa = PBXGroup;
			children = (
				E9C8BCB129B0763B007F5301 /* DashboardRouter.swift */,
			);
			path = Router;
			sourceTree = "<group>";
		};
		E998111429ADD9D500F52718 /* DetailMovie */ = {
			isa = PBXGroup;
			children = (
				E9C8BCCC29B10481007F5301 /* Protocol */,
				E9C8BCCD29B10496007F5301 /* View */,
				E9C8BCCE29B1049E007F5301 /* Interactor */,
				E9C8BCCF29B104AD007F5301 /* Presenter */,
				E9C8BCD029B104B8007F5301 /* Entity */,
				E9C8BCD129B104C4007F5301 /* Router */,
			);
			path = DetailMovie;
			sourceTree = "<group>";
		};
		E9C8BCAE29B07510007F5301 /* Protocol */ = {
			isa = PBXGroup;
			children = (
				E9C8BCAF29B07569007F5301 /* DashboardProtocols.swift */,
			);
			path = Protocol;
			sourceTree = "<group>";
		};
		E9C8BCB929B081B4007F5301 /* VisualComponents */ = {
			isa = PBXGroup;
			children = (
				E9C8BCD929B10A5E007F5301 /* CustomAlert */,
				E9C8BCC629B08CE5007F5301 /* Cells */,
				E9C8BCBD29B0829A007F5301 /* CustomButton */,
				E9C8BCBC29B08282007F5301 /* CustomSegmentControl */,
			);
			path = VisualComponents;
			sourceTree = "<group>";
		};
		E9C8BCBC29B08282007F5301 /* CustomSegmentControl */ = {
			isa = PBXGroup;
			children = (
				E9C8BCBA29B0820E007F5301 /* DesignableSegmentControl.swift */,
			);
			path = CustomSegmentControl;
			sourceTree = "<group>";
		};
		E9C8BCBD29B0829A007F5301 /* CustomButton */ = {
			isa = PBXGroup;
			children = (
				E9C8BCBE29B082F6007F5301 /* CustomButtonStyle.swift */,
				E9C8BCC029B0831C007F5301 /* CustomButton.swift */,
			);
			path = CustomButton;
			sourceTree = "<group>";
		};
		E9C8BCC229B0849E007F5301 /* Storyboard */ = {
			isa = PBXGroup;
			children = (
				E9C8BCB729B07C22007F5301 /* DashboardStoryboard.storyboard */,
			);
			path = Storyboard;
			sourceTree = "<group>";
		};
		E9C8BCC629B08CE5007F5301 /* Cells */ = {
			isa = PBXGroup;
			children = (
				E9C8BCE229B10C78007F5301 /* suggestionsMovieCell */,
				E9C8BCC729B08CF0007F5301 /* Dashboard */,
			);
			path = Cells;
			sourceTree = "<group>";
		};
		E9C8BCC729B08CF0007F5301 /* Dashboard */ = {
			isa = PBXGroup;
			children = (
				E9C8BCC829B08D4C007F5301 /* DashboardMovies.xib */,
				E9C8BCCA29B08F0B007F5301 /* DashboardMoviesCollectionViewCell.swift */,
			);
			path = Dashboard;
			sourceTree = "<group>";
		};
		E9C8BCCC29B10481007F5301 /* Protocol */ = {
			isa = PBXGroup;
			children = (
				E9C8BCD229B10723007F5301 /* Protocols.swift */,
			);
			path = Protocol;
			sourceTree = "<group>";
		};
		E9C8BCCD29B10496007F5301 /* View */ = {
			isa = PBXGroup;
			children = (
				E9C8BCD629B108BA007F5301 /* Storyboard */,
				E9C8BCD729B10906007F5301 /* DetailMovieView.swift */,
			);
			path = View;
			sourceTree = "<group>";
		};
		E9C8BCCE29B1049E007F5301 /* Interactor */ = {
			isa = PBXGroup;
			children = (
				E9C8BCE929B11100007F5301 /* DetailMovieInteractor.swift */,
			);
			path = Interactor;
			sourceTree = "<group>";
		};
		E9C8BCCF29B104AD007F5301 /* Presenter */ = {
			isa = PBXGroup;
			children = (
				E9C8BCE729B11037007F5301 /* DetailMoviePresenter.swift */,
			);
			path = Presenter;
			sourceTree = "<group>";
		};
		E9C8BCD029B104B8007F5301 /* Entity */ = {
			isa = PBXGroup;
			children = (
				E998111529ADD9F000F52718 /* DetailMovieEntity.swift */,
			);
			path = Entity;
			sourceTree = "<group>";
		};
		E9C8BCD129B104C4007F5301 /* Router */ = {
			isa = PBXGroup;
			children = (
				E9C8BCEB29B115BE007F5301 /* DetailMovieRouter.swift */,
			);
			path = Router;
			sourceTree = "<group>";
		};
		E9C8BCD629B108BA007F5301 /* Storyboard */ = {
			isa = PBXGroup;
			children = (
				E9C8BCD429B107FB007F5301 /* DetailMovie.storyboard */,
			);
			path = Storyboard;
			sourceTree = "<group>";
		};
		E9C8BCD929B10A5E007F5301 /* CustomAlert */ = {
			isa = PBXGroup;
			children = (
				E9C8BCDA29B10A90007F5301 /* CustomAlertStyle.swift */,
				E9C8BCDC29B10ACF007F5301 /* CustomProtocol.swift */,
				E9C8BCDE29B10B02007F5301 /* CustomAlertViewController.swift */,
				E9C8BCE029B10B99007F5301 /* CustomAlertViewController.xib */,
			);
			path = CustomAlert;
			sourceTree = "<group>";
		};
		E9C8BCE229B10C78007F5301 /* suggestionsMovieCell */ = {
			isa = PBXGroup;
			children = (
				E9C8BCE329B10C92007F5301 /* SuggestionsMovieCell.swift */,
				E9C8BCE529B10CEA007F5301 /* suggestionsMovieCell.xib */,
			);
			path = suggestionsMovieCell;
			sourceTree = "<group>";
		};
		E9C8BCED29B12958007F5301 /* Profile */ = {
			isa = PBXGroup;
			children = (
				E9C8BCF329B129D0007F5301 /* Protocol */,
				E9C8BCF229B129C9007F5301 /* View */,
				E9C8BCF129B129C0007F5301 /* Interactor */,
				E9C8BCF029B129B6007F5301 /* Presenter */,
				E9C8BCEF29B129AC007F5301 /* Entity */,
				E9C8BCEE29B129A1007F5301 /* Router */,
			);
			path = Profile;
			sourceTree = "<group>";
		};
		E9C8BCEE29B129A1007F5301 /* Router */ = {
			isa = PBXGroup;
			children = (
				E9C8BD2129B14159007F5301 /* ProfileRouter.swift */,
			);
			path = Router;
			sourceTree = "<group>";
		};
		E9C8BCEF29B129AC007F5301 /* Entity */ = {
			isa = PBXGroup;
			children = (
			);
			path = Entity;
			sourceTree = "<group>";
		};
		E9C8BCF029B129B6007F5301 /* Presenter */ = {
			isa = PBXGroup;
			children = (
				E9C8BD2329B14262007F5301 /* ProfilePresenter.swift */,
			);
			path = Presenter;
			sourceTree = "<group>";
		};
		E9C8BCF129B129C0007F5301 /* Interactor */ = {
			isa = PBXGroup;
			children = (
				E9C8BD2529B142CA007F5301 /* ProfileInteractor.swift */,
			);
			path = Interactor;
			sourceTree = "<group>";
		};
		E9C8BCF229B129C9007F5301 /* View */ = {
			isa = PBXGroup;
			children = (
				E9C8BCF629B12A72007F5301 /* Storyboard */,
			);
			path = View;
			sourceTree = "<group>";
		};
		E9C8BCF329B129D0007F5301 /* Protocol */ = {
			isa = PBXGroup;
			children = (
				E9C8BD1F29B14077007F5301 /* ProfileProtocols.swift */,
			);
			path = Protocol;
			sourceTree = "<group>";
		};
		E9C8BCF629B12A72007F5301 /* Storyboard */ = {
			isa = PBXGroup;
			children = (
				E9C8BCF429B12A6D007F5301 /* Profile.storyboard */,
				E9C8BCF729B12F38007F5301 /* ProfileViewController.swift */,
			);
			path = Storyboard;
			sourceTree = "<group>";
		};
		E9C8BD2729B16A74007F5301 /* Protocol */ = {
			isa = PBXGroup;
			children = (
				E9C8BD2829B16A9D007F5301 /* LoginProtocol.swift */,
			);
			path = Protocol;
			sourceTree = "<group>";
		};
/* End PBXGroup section */

/* Begin PBXNativeTarget section */
		E99810DD29ADBC9400F52718 /* demoApp */ = {
			isa = PBXNativeTarget;
			buildConfigurationList = E99810F229ADBC9700F52718 /* Build configuration list for PBXNativeTarget "demoApp" */;
			buildPhases = (
				E99810DA29ADBC9400F52718 /* Sources */,
				E99810DB29ADBC9400F52718 /* Frameworks */,
				E99810DC29ADBC9400F52718 /* Resources */,
			);
			buildRules = (
			);
			dependencies = (
			);
			name = demoApp;
			packageProductDependencies = (
				1D5EC99029B199D10073F89E /* FirebaseAuth */,
			);
			productName = demoApp;
			productReference = E99810DE29ADBC9400F52718 /* demoApp.app */;
			productType = "com.apple.product-type.application";
		};
/* End PBXNativeTarget section */

/* Begin PBXProject section */
		E99810D629ADBC9400F52718 /* Project object */ = {
			isa = PBXProject;
			attributes = {
				BuildIndependentTargetsInParallel = 1;
				LastSwiftUpdateCheck = 1410;
				LastUpgradeCheck = 1410;
				TargetAttributes = {
					E99810DD29ADBC9400F52718 = {
						CreatedOnToolsVersion = 14.1;
					};
				};
			};
			buildConfigurationList = E99810D929ADBC9400F52718 /* Build configuration list for PBXProject "demoApp" */;
			compatibilityVersion = "Xcode 14.0";
			developmentRegion = en;
			hasScannedForEncodings = 0;
			knownRegions = (
				en,
				Base,
			);
			mainGroup = E99810D529ADBC9400F52718;
			packageReferences = (
				1D5EC98F29B199D10073F89E /* XCRemoteSwiftPackageReference "firebase-ios-sdk" */,
			);
			productRefGroup = E99810DF29ADBC9400F52718 /* Products */;
			projectDirPath = "";
			projectRoot = "";
			targets = (
				E99810DD29ADBC9400F52718 /* demoApp */,
			);
		};
/* End PBXProject section */

/* Begin PBXResourcesBuildPhase section */
		E99810DC29ADBC9400F52718 /* Resources */ = {
			isa = PBXResourcesBuildPhase;
			buildActionMask = 2147483647;
			files = (
				E9C8BCC929B08D4C007F5301 /* DashboardMovies.xib in Resources */,
				1D8461FE29B1AE65009773D2 /* GoogleService-Info.plist in Resources */,
				E99810EE29ADBC9700F52718 /* LaunchScreen.storyboard in Resources */,
				E9C8BCE129B10B99007F5301 /* CustomAlertViewController.xib in Resources */,
				E9C8BCD529B107FB007F5301 /* DetailMovie.storyboard in Resources */,
				E9C8BCE629B10CEA007F5301 /* suggestionsMovieCell.xib in Resources */,
				E99810EB29ADBC9700F52718 /* Assets.xcassets in Resources */,
				E9C8BCF529B12A6D007F5301 /* Profile.storyboard in Resources */,
				E9C8BCB829B07C22007F5301 /* DashboardStoryboard.storyboard in Resources */,
				E99810E929ADBC9400F52718 /* Main.storyboard in Resources */,
			);
			runOnlyForDeploymentPostprocessing = 0;
		};
/* End PBXResourcesBuildPhase section */

/* Begin PBXSourcesBuildPhase section */
		E99810DA29ADBC9400F52718 /* Sources */ = {
			isa = PBXSourcesBuildPhase;
			buildActionMask = 2147483647;
			files = (
				E9C8BD2D29B16DA0007F5301 /* LoginPresenter.swift in Sources */,
				E9C8BCE829B11037007F5301 /* DetailMoviePresenter.swift in Sources */,
				E9C8BD2F29B16F43007F5301 /* LoginInteractor.swift in Sources */,
				E9C8BCD829B10906007F5301 /* DetailMovieView.swift in Sources */,
				E9C8BCB029B07569007F5301 /* DashboardProtocols.swift in Sources */,
				E998111829ADDB0700F52718 /* LoginViewController.swift in Sources */,
				E9C8BCBF29B082F6007F5301 /* CustomButtonStyle.swift in Sources */,
				E9C8BCB429B07873007F5301 /* DashboardPresenter.swift in Sources */,
				E9C8BCF829B12F38007F5301 /* ProfileViewController.swift in Sources */,
				E9C8BCEC29B115BE007F5301 /* DetailMovieRouter.swift in Sources */,
				E99810E629ADBC9400F52718 /* ViewController.swift in Sources */,
				E99810E229ADBC9400F52718 /* AppDelegate.swift in Sources */,
				E9C8BCEA29B11100007F5301 /* DetailMovieInteractor.swift in Sources */,
				E9C8BCB629B07918007F5301 /* DashboardInteractor.swift in Sources */,
				E9C8BD2229B14159007F5301 /* ProfileRouter.swift in Sources */,
				E9C8BCAD29B06661007F5301 /* LocalizedKey.swift in Sources */,
				E998111329ADD21100F52718 /* ViewLogin.swift in Sources */,
				E9C8BD2929B16A9D007F5301 /* LoginProtocol.swift in Sources */,
				E998111629ADD9F000F52718 /* DetailMovieEntity.swift in Sources */,
				E998110329ADC61E00F52718 /* ErrorResponseEntity.swift in Sources */,
				E9C8BCDF29B10B02007F5301 /* CustomAlertViewController.swift in Sources */,
				E9C8BCC129B0831C007F5301 /* CustomButton.swift in Sources */,
				E9C8BCDD29B10ACF007F5301 /* CustomProtocol.swift in Sources */,
				E9C8BCFB29B13293007F5301 /* favorites.xcdatamodeld in Sources */,
				E998110029ADC1E100F52718 /* ExtensionUIImageView.swift in Sources */,
				E9C8BCE429B10C92007F5301 /* SuggestionsMovieCell.swift in Sources */,
				E9C8BCB229B0763B007F5301 /* DashboardRouter.swift in Sources */,
				E99810FB29ADC12C00F52718 /* ApiUseCase.swift in Sources */,
				E9C8BCD329B10723007F5301 /* Protocols.swift in Sources */,
				E9C8BCBB29B0820E007F5301 /* DesignableSegmentControl.swift in Sources */,
				E9C8BCAA29B061B3007F5301 /* Colors.swift in Sources */,
				E9C8BD2629B142CA007F5301 /* ProfileInteractor.swift in Sources */,
				E9C8BCC429B08548007F5301 /* DashboardView.swift in Sources */,
				E99810F929ADC0C800F52718 /* Endpoints.swift in Sources */,
				E998111129ADCA1600F52718 /* MovieEntity.swift in Sources */,
				E99810E429ADBC9400F52718 /* SceneDelegate.swift in Sources */,
				E9C8BCDB29B10A90007F5301 /* CustomAlertStyle.swift in Sources */,
				E9C8BD2429B14262007F5301 /* ProfilePresenter.swift in Sources */,
				E9C8BCCB29B08F0B007F5301 /* DashboardMoviesCollectionViewCell.swift in Sources */,
				E99810FE29ADC1BD00F52718 /* Constants.swift in Sources */,
				E9C8BD2B29B16B27007F5301 /* LoginRouter.swift in Sources */,
				E9C8BD2029B14077007F5301 /* ProfileProtocols.swift in Sources */,
			);
			runOnlyForDeploymentPostprocessing = 0;
		};
/* End PBXSourcesBuildPhase section */

/* Begin PBXVariantGroup section */
		E99810E729ADBC9400F52718 /* Main.storyboard */ = {
			isa = PBXVariantGroup;
			children = (
				E99810E829ADBC9400F52718 /* Base */,
			);
			name = Main.storyboard;
			sourceTree = "<group>";
		};
		E99810EC29ADBC9700F52718 /* LaunchScreen.storyboard */ = {
			isa = PBXVariantGroup;
			children = (
				E99810ED29ADBC9700F52718 /* Base */,
			);
			name = LaunchScreen.storyboard;
			sourceTree = "<group>";
		};
/* End PBXVariantGroup section */

/* Begin XCBuildConfiguration section */
		E99810F029ADBC9700F52718 /* Debug */ = {
			isa = XCBuildConfiguration;
			buildSettings = {
				ALWAYS_SEARCH_USER_PATHS = NO;
				CLANG_ANALYZER_NONNULL = YES;
				CLANG_ANALYZER_NUMBER_OBJECT_CONVERSION = YES_AGGRESSIVE;
				CLANG_CXX_LANGUAGE_STANDARD = "gnu++20";
				CLANG_ENABLE_MODULES = YES;
				CLANG_ENABLE_OBJC_ARC = YES;
				CLANG_ENABLE_OBJC_WEAK = YES;
				CLANG_WARN_BLOCK_CAPTURE_AUTORELEASING = YES;
				CLANG_WARN_BOOL_CONVERSION = YES;
				CLANG_WARN_COMMA = YES;
				CLANG_WARN_CONSTANT_CONVERSION = YES;
				CLANG_WARN_DEPRECATED_OBJC_IMPLEMENTATIONS = YES;
				CLANG_WARN_DIRECT_OBJC_ISA_USAGE = YES_ERROR;
				CLANG_WARN_DOCUMENTATION_COMMENTS = YES;
				CLANG_WARN_EMPTY_BODY = YES;
				CLANG_WARN_ENUM_CONVERSION = YES;
				CLANG_WARN_INFINITE_RECURSION = YES;
				CLANG_WARN_INT_CONVERSION = YES;
				CLANG_WARN_NON_LITERAL_NULL_CONVERSION = YES;
				CLANG_WARN_OBJC_IMPLICIT_RETAIN_SELF = YES;
				CLANG_WARN_OBJC_LITERAL_CONVERSION = YES;
				CLANG_WARN_OBJC_ROOT_CLASS = YES_ERROR;
				CLANG_WARN_QUOTED_INCLUDE_IN_FRAMEWORK_HEADER = YES;
				CLANG_WARN_RANGE_LOOP_ANALYSIS = YES;
				CLANG_WARN_STRICT_PROTOTYPES = YES;
				CLANG_WARN_SUSPICIOUS_MOVE = YES;
				CLANG_WARN_UNGUARDED_AVAILABILITY = YES_AGGRESSIVE;
				CLANG_WARN_UNREACHABLE_CODE = YES;
				CLANG_WARN__DUPLICATE_METHOD_MATCH = YES;
				COPY_PHASE_STRIP = NO;
				DEBUG_INFORMATION_FORMAT = dwarf;
				ENABLE_STRICT_OBJC_MSGSEND = YES;
				ENABLE_TESTABILITY = YES;
				GCC_C_LANGUAGE_STANDARD = gnu11;
				GCC_DYNAMIC_NO_PIC = NO;
				GCC_NO_COMMON_BLOCKS = YES;
				GCC_OPTIMIZATION_LEVEL = 0;
				GCC_PREPROCESSOR_DEFINITIONS = (
					"DEBUG=1",
					"$(inherited)",
				);
				GCC_WARN_64_TO_32_BIT_CONVERSION = YES;
				GCC_WARN_ABOUT_RETURN_TYPE = YES_ERROR;
				GCC_WARN_UNDECLARED_SELECTOR = YES;
				GCC_WARN_UNINITIALIZED_AUTOS = YES_AGGRESSIVE;
				GCC_WARN_UNUSED_FUNCTION = YES;
				GCC_WARN_UNUSED_VARIABLE = YES;
				IPHONEOS_DEPLOYMENT_TARGET = 16.1;
				MTL_ENABLE_DEBUG_INFO = INCLUDE_SOURCE;
				MTL_FAST_MATH = YES;
				ONLY_ACTIVE_ARCH = YES;
				SDKROOT = iphoneos;
				SWIFT_ACTIVE_COMPILATION_CONDITIONS = DEBUG;
				SWIFT_OPTIMIZATION_LEVEL = "-Onone";
			};
			name = Debug;
		};
		E99810F129ADBC9700F52718 /* Release */ = {
			isa = XCBuildConfiguration;
			buildSettings = {
				ALWAYS_SEARCH_USER_PATHS = NO;
				CLANG_ANALYZER_NONNULL = YES;
				CLANG_ANALYZER_NUMBER_OBJECT_CONVERSION = YES_AGGRESSIVE;
				CLANG_CXX_LANGUAGE_STANDARD = "gnu++20";
				CLANG_ENABLE_MODULES = YES;
				CLANG_ENABLE_OBJC_ARC = YES;
				CLANG_ENABLE_OBJC_WEAK = YES;
				CLANG_WARN_BLOCK_CAPTURE_AUTORELEASING = YES;
				CLANG_WARN_BOOL_CONVERSION = YES;
				CLANG_WARN_COMMA = YES;
				CLANG_WARN_CONSTANT_CONVERSION = YES;
				CLANG_WARN_DEPRECATED_OBJC_IMPLEMENTATIONS = YES;
				CLANG_WARN_DIRECT_OBJC_ISA_USAGE = YES_ERROR;
				CLANG_WARN_DOCUMENTATION_COMMENTS = YES;
				CLANG_WARN_EMPTY_BODY = YES;
				CLANG_WARN_ENUM_CONVERSION = YES;
				CLANG_WARN_INFINITE_RECURSION = YES;
				CLANG_WARN_INT_CONVERSION = YES;
				CLANG_WARN_NON_LITERAL_NULL_CONVERSION = YES;
				CLANG_WARN_OBJC_IMPLICIT_RETAIN_SELF = YES;
				CLANG_WARN_OBJC_LITERAL_CONVERSION = YES;
				CLANG_WARN_OBJC_ROOT_CLASS = YES_ERROR;
				CLANG_WARN_QUOTED_INCLUDE_IN_FRAMEWORK_HEADER = YES;
				CLANG_WARN_RANGE_LOOP_ANALYSIS = YES;
				CLANG_WARN_STRICT_PROTOTYPES = YES;
				CLANG_WARN_SUSPICIOUS_MOVE = YES;
				CLANG_WARN_UNGUARDED_AVAILABILITY = YES_AGGRESSIVE;
				CLANG_WARN_UNREACHABLE_CODE = YES;
				CLANG_WARN__DUPLICATE_METHOD_MATCH = YES;
				COPY_PHASE_STRIP = NO;
				DEBUG_INFORMATION_FORMAT = "dwarf-with-dsym";
				ENABLE_NS_ASSERTIONS = NO;
				ENABLE_STRICT_OBJC_MSGSEND = YES;
				GCC_C_LANGUAGE_STANDARD = gnu11;
				GCC_NO_COMMON_BLOCKS = YES;
				GCC_WARN_64_TO_32_BIT_CONVERSION = YES;
				GCC_WARN_ABOUT_RETURN_TYPE = YES_ERROR;
				GCC_WARN_UNDECLARED_SELECTOR = YES;
				GCC_WARN_UNINITIALIZED_AUTOS = YES_AGGRESSIVE;
				GCC_WARN_UNUSED_FUNCTION = YES;
				GCC_WARN_UNUSED_VARIABLE = YES;
				IPHONEOS_DEPLOYMENT_TARGET = 16.1;
				MTL_ENABLE_DEBUG_INFO = NO;
				MTL_FAST_MATH = YES;
				SDKROOT = iphoneos;
				SWIFT_COMPILATION_MODE = wholemodule;
				SWIFT_OPTIMIZATION_LEVEL = "-O";
				VALIDATE_PRODUCT = YES;
			};
			name = Release;
		};
		E99810F329ADBC9700F52718 /* Debug */ = {
			isa = XCBuildConfiguration;
			buildSettings = {
				ASSETCATALOG_COMPILER_APPICON_NAME = AppIcon;
				ASSETCATALOG_COMPILER_GLOBAL_ACCENT_COLOR_NAME = AccentColor;
				CODE_SIGN_STYLE = Automatic;
				CURRENT_PROJECT_VERSION = 1;
				DEVELOPMENT_TEAM = 8623DCS7S2;
				GENERATE_INFOPLIST_FILE = YES;
				INFOPLIST_FILE = demoApp/Info.plist;
				INFOPLIST_KEY_CFBundleDisplayName = examen;
				INFOPLIST_KEY_UIApplicationSupportsIndirectInputEvents = YES;
				INFOPLIST_KEY_UILaunchStoryboardName = LaunchScreen;
				INFOPLIST_KEY_UIMainStoryboardFile = Main;
				INFOPLIST_KEY_UISupportedInterfaceOrientations_iPad = "UIInterfaceOrientationPortrait UIInterfaceOrientationPortraitUpsideDown UIInterfaceOrientationLandscapeLeft UIInterfaceOrientationLandscapeRight";
				INFOPLIST_KEY_UISupportedInterfaceOrientations_iPhone = "UIInterfaceOrientationPortrait UIInterfaceOrientationLandscapeLeft UIInterfaceOrientationLandscapeRight";
				LD_RUNPATH_SEARCH_PATHS = (
					"$(inherited)",
					"@executable_path/Frameworks",
				);
				MARKETING_VERSION = 1.0;
				PRODUCT_BUNDLE_IDENTIFIER = demo.demo.demoApp;
				PRODUCT_NAME = "$(TARGET_NAME)";
				SWIFT_EMIT_LOC_STRINGS = YES;
				SWIFT_VERSION = 5.0;
				TARGETED_DEVICE_FAMILY = "1,2";
			};
			name = Debug;
		};
		E99810F429ADBC9700F52718 /* Release */ = {
			isa = XCBuildConfiguration;
			buildSettings = {
				ASSETCATALOG_COMPILER_APPICON_NAME = AppIcon;
				ASSETCATALOG_COMPILER_GLOBAL_ACCENT_COLOR_NAME = AccentColor;
				CODE_SIGN_STYLE = Automatic;
				CURRENT_PROJECT_VERSION = 1;
				DEVELOPMENT_TEAM = 8623DCS7S2;
				GENERATE_INFOPLIST_FILE = YES;
				INFOPLIST_FILE = demoApp/Info.plist;
				INFOPLIST_KEY_CFBundleDisplayName = examen;
				INFOPLIST_KEY_UIApplicationSupportsIndirectInputEvents = YES;
				INFOPLIST_KEY_UILaunchStoryboardName = LaunchScreen;
				INFOPLIST_KEY_UIMainStoryboardFile = Main;
				INFOPLIST_KEY_UISupportedInterfaceOrientations_iPad = "UIInterfaceOrientationPortrait UIInterfaceOrientationPortraitUpsideDown UIInterfaceOrientationLandscapeLeft UIInterfaceOrientationLandscapeRight";
				INFOPLIST_KEY_UISupportedInterfaceOrientations_iPhone = "UIInterfaceOrientationPortrait UIInterfaceOrientationLandscapeLeft UIInterfaceOrientationLandscapeRight";
				LD_RUNPATH_SEARCH_PATHS = (
					"$(inherited)",
					"@executable_path/Frameworks",
				);
				MARKETING_VERSION = 1.0;
				PRODUCT_BUNDLE_IDENTIFIER = demo.demo.demoApp;
				PRODUCT_NAME = "$(TARGET_NAME)";
				SWIFT_EMIT_LOC_STRINGS = YES;
				SWIFT_VERSION = 5.0;
				TARGETED_DEVICE_FAMILY = "1,2";
			};
			name = Release;
		};
/* End XCBuildConfiguration section */

/* Begin XCConfigurationList section */
		E99810D929ADBC9400F52718 /* Build configuration list for PBXProject "demoApp" */ = {
			isa = XCConfigurationList;
			buildConfigurations = (
				E99810F029ADBC9700F52718 /* Debug */,
				E99810F129ADBC9700F52718 /* Release */,
			);
			defaultConfigurationIsVisible = 0;
			defaultConfigurationName = Release;
		};
		E99810F229ADBC9700F52718 /* Build configuration list for PBXNativeTarget "demoApp" */ = {
			isa = XCConfigurationList;
			buildConfigurations = (
				E99810F329ADBC9700F52718 /* Debug */,
				E99810F429ADBC9700F52718 /* Release */,
			);
			defaultConfigurationIsVisible = 0;
			defaultConfigurationName = Release;
		};
/* End XCConfigurationList section */

/* Begin XCRemoteSwiftPackageReference section */
		1D5EC98F29B199D10073F89E /* XCRemoteSwiftPackageReference "firebase-ios-sdk" */ = {
			isa = XCRemoteSwiftPackageReference;
			repositoryURL = "https://github.com/firebase/firebase-ios-sdk";
			requirement = {
				kind = upToNextMajorVersion;
				minimumVersion = 9.0.0;
			};
		};
/* End XCRemoteSwiftPackageReference section */

/* Begin XCSwiftPackageProductDependency section */
		1D5EC99029B199D10073F89E /* FirebaseAuth */ = {
			isa = XCSwiftPackageProductDependency;
			package = 1D5EC98F29B199D10073F89E /* XCRemoteSwiftPackageReference "firebase-ios-sdk" */;
			productName = FirebaseAuth;
		};
/* End XCSwiftPackageProductDependency section */

/* Begin XCVersionGroup section */
		E9C8BCF929B13293007F5301 /* favorites.xcdatamodeld */ = {
			isa = XCVersionGroup;
			children = (
				E9C8BCFA29B13293007F5301 /* favorites.xcdatamodel */,
			);
			currentVersion = E9C8BCFA29B13293007F5301 /* favorites.xcdatamodel */;
			path = favorites.xcdatamodeld;
			sourceTree = "<group>";
			versionGroupType = wrapper.xcdatamodel;
		};
/* End XCVersionGroup section */
	};
	rootObject = E99810D629ADBC9400F52718 /* Project object */;
}
